{
  "name": "gtp-wrapper",
  "version": "1.2.0",
  "lockfileVersion": 1,
  "requires": true,
  "dependencies": {
    "byline": {
      "version": "5.0.0",
      "resolved": "https://registry.npmjs.org/byline/-/byline-5.0.0.tgz",
      "integrity": "sha1-dBxSFkaOrcRXsDQQEYrXfejB3bE="
    },
    "jssgf": {
      "version": "0.3.7",
      "resolved": "https://registry.npmjs.org/jssgf/-/jssgf-0.3.7.tgz",
      "integrity": "sha1-P+YGqHQGbLeLfNCPZSktlVvsxZw="
    }
  }
}
